
Microsoft Visual Studio Solution File, Format Version 12.00
# Visual Studio 14
VisualStudioVersion = 14.0.25420.1
MinimumVisualStudioVersion = 10.0.40219.1
Project("{8BC9CEB8-8B4A-11D0-8D11-00A0C91BC942}") = "W32D", "W32D\W32D.vcxproj", "{14438A7C-3CF5-4E79-A7F3-7242F6E34010}"
EndProject
Project("{8BC9CEB8-8B4A-11D0-8D11-00A0C91BC942}") = "UsingW32D", "UsingW32D\UsingW32D.vcxproj", "{15C6832F-47AF-4AFA-8E60-E71629D770F5}"
EndProject
Global
	GlobalSection(SolutionConfigurationPlatforms) = preSolution
		Debug|x64 = Debug|x64
		Debug|x86 = Debug|x86
		Release|x64 = Release|x64
		Release|x86 = Release|x86
	EndGlobalSection
	GlobalSection(ProjectConfigurationPlatforms) = postSolution
		{14438A7C-3CF5-4E79-A7F3-7242F6E34010}.Debug|x64.ActiveCfg = Debug|x64
		{14438A7C-3CF5-4E79-A7F3-7242F6E34010}.Debug|x64.Build.0 = Debug|x64
		{14438A7C-3CF5-4E79-A7F3-7242F6E34010}.Debug|x86.ActiveCfg = Debug|Win32
		{14438A7C-3CF5-4E79-A7F3-7242F6E34010}.Debug|x86.Build.0 = Debug|Win32
		{14438A7C-3CF5-4E79-A7F3-7242F6E34010}.Release|x64.ActiveCfg = Release|x64
		{14438A7C-3CF5-4E79-A7F3-7242F6E34010}.Release|x64.Build.0 = Release|x64
		{14438A7C-3CF5-4E79-A7F3-7242F6E34010}.Release|x86.ActiveCfg = Release|Win32
		{14438A7C-3CF5-4E79-A7F3-7242F6E34010}.Release|x86.Build.0 = Release|Win32
		{15C6832F-47AF-4AFA-8E60-E71629D770F5}.Debug|x64.ActiveCfg = Debug|x64
		{15C6832F-47AF-4AFA-8E60-E71629D770F5}.Debug|x64.Build.0 = Debug|x64
		{15C6832F-47AF-4AFA-8E60-E71629D770F5}.Debug|x86.ActiveCfg = Debug|Win32
		{15C6832F-47AF-4AFA-8E60-E71629D770F5}.Debug|x86.Build.0 = Debug|Win32
		{15C6832F-47AF-4AFA-8E60-E71629D770F5}.Release|x64.ActiveCfg = Release|x64
		{15C6832F-47AF-4AFA-8E60-E71629D770F5}.Release|x64.Build.0 = Release|x64
		{15C6832F-47AF-4AFA-8E60-E71629D770F5}.Release|x86.ActiveCfg = Release|Win32
		{15C6832F-47AF-4AFA-8E60-E71629D770F5}.Release|x86.Build.0 = Release|Win32
	EndGlobalSection
	GlobalSection(SolutionProperties) = preSolution
		HideSolutionNode = FALSE
	EndGlobalSection
EndGlobal
